
Microsoft Visual Studio Solution File, Format Version 12.00
# Visual Studio Version 17
VisualStudioVersion = 17.10.35201.131
MinimumVisualStudioVersion = 10.0.40219.1
Project("{2150E333-8FDC-42A3-9474-1A3956D46DE8}") = "src", "src", "{CF9F232C-2441-494C-B5B0-E71400629730}"
EndProject
Project("{9A19103F-16F7-4668-BE54-9A1E7A4F7556}") = "Perkify.Core", "src\Perkify.Core\Perkify.Core.csproj", "{ED7FB647-DEAD-4404-BB2A-EB479E0EFA03}"
EndProject
Project("{2150E333-8FDC-42A3-9474-1A3956D46DE8}") = "doc", "doc", "{2ECF4EF3-B291-4DAE-AD0F-5BA381A1E47F}"
	ProjectSection(SolutionItems) = preProject
		doc\Roadmap.zhcn.md = doc\Roadmap.zhcn.md
		doc\Todo.zhcn.md = doc\Todo.zhcn.md
	EndProjectSection
EndProject
Project("{9A19103F-16F7-4668-BE54-9A1E7A4F7556}") = "Perkify.Core.Tests", "src\Perkify.Core.Tests\Perkify.Core.Tests.csproj", "{1C6DB32F-707D-47E2-A498-4FE3565AFC37}"
EndProject
Project("{2150E333-8FDC-42A3-9474-1A3956D46DE8}") = ".es", ".es", "{61FF7EC3-2449-4589-BC0B-7A2E8349F3EB}"
	ProjectSection(SolutionItems) = preProject
		.gitignore = .gitignore
		Directory.Build.props = Directory.Build.props
		Directory.Packages.props = Directory.Packages.props
		LICENSE = LICENSE
		README.md = README.md
	EndProjectSection
EndProject
Project("{2150E333-8FDC-42A3-9474-1A3956D46DE8}") = ".github", ".github", "{FAD46B57-4758-4C75-8D00-BAAB43035C82}"
	ProjectSection(SolutionItems) = preProject
		.github\CODEOWNERS = .github\CODEOWNERS
		.github\PULL_REQUEST_TEMPLATE.md = .github\PULL_REQUEST_TEMPLATE.md
	EndProjectSection
EndProject
Project("{2150E333-8FDC-42A3-9474-1A3956D46DE8}") = "workflows", "workflows", "{077518B8-FB58-4267-8BAD-D18AD9D434E3}"
	ProjectSection(SolutionItems) = preProject
		.github\workflows\dotnet-ci.yml = .github\workflows\dotnet-ci.yml
		.github\workflows\dotnet-cov.yml = .github\workflows\dotnet-cov.yml
		.github\workflows\dotnet-nuget.yaml = .github\workflows\dotnet-nuget.yaml
	EndProjectSection
EndProject
Project("{2150E333-8FDC-42A3-9474-1A3956D46DE8}") = "ISSUE_TEMPLATE", "ISSUE_TEMPLATE", "{23453827-B73D-4D85-9175-176AE82F391B}"
	ProjectSection(SolutionItems) = preProject
		.github\ISSUE_TEMPLATE\bug_report.md = .github\ISSUE_TEMPLATE\bug_report.md
		.github\ISSUE_TEMPLATE\feature_request.md = .github\ISSUE_TEMPLATE\feature_request.md
	EndProjectSection
EndProject
Project("{2150E333-8FDC-42A3-9474-1A3956D46DE8}") = "tools", "tools", "{8B93DCF6-465A-48AC-B82A-ECC4CF99400E}"
EndProject
Project("{9A19103F-16F7-4668-BE54-9A1E7A4F7556}") = "Perkify.Playground", "tools\Perkify.Playground\Perkify.Playground.csproj", "{39EB5154-9FFD-451B-B2E8-E8DCE20CA9E2}"
EndProject
Project("{2150E333-8FDC-42A3-9474-1A3956D46DE8}") = ".build", ".build", "{9C9E6228-7CE2-402E-8034-5D3A677D3621}"
	ProjectSection(SolutionItems) = preProject
		.build\coverlet.runsettings = .build\coverlet.runsettings
	EndProjectSection
EndProject
Global
	GlobalSection(SolutionConfigurationPlatforms) = preSolution
		Debug|Any CPU = Debug|Any CPU
		Release|Any CPU = Release|Any CPU
	EndGlobalSection
	GlobalSection(ProjectConfigurationPlatforms) = postSolution
		{ED7FB647-DEAD-4404-BB2A-EB479E0EFA03}.Debug|Any CPU.ActiveCfg = Debug|Any CPU
		{ED7FB647-DEAD-4404-BB2A-EB479E0EFA03}.Debug|Any CPU.Build.0 = Debug|Any CPU
		{ED7FB647-DEAD-4404-BB2A-EB479E0EFA03}.Release|Any CPU.ActiveCfg = Release|Any CPU
		{ED7FB647-DEAD-4404-BB2A-EB479E0EFA03}.Release|Any CPU.Build.0 = Release|Any CPU
		{1C6DB32F-707D-47E2-A498-4FE3565AFC37}.Debug|Any CPU.ActiveCfg = Debug|Any CPU
		{1C6DB32F-707D-47E2-A498-4FE3565AFC37}.Debug|Any CPU.Build.0 = Debug|Any CPU
		{1C6DB32F-707D-47E2-A498-4FE3565AFC37}.Release|Any CPU.ActiveCfg = Release|Any CPU
		{1C6DB32F-707D-47E2-A498-4FE3565AFC37}.Release|Any CPU.Build.0 = Release|Any CPU
		{39EB5154-9FFD-451B-B2E8-E8DCE20CA9E2}.Debug|Any CPU.ActiveCfg = Debug|Any CPU
		{39EB5154-9FFD-451B-B2E8-E8DCE20CA9E2}.Debug|Any CPU.Build.0 = Debug|Any CPU
		{39EB5154-9FFD-451B-B2E8-E8DCE20CA9E2}.Release|Any CPU.ActiveCfg = Release|Any CPU
		{39EB5154-9FFD-451B-B2E8-E8DCE20CA9E2}.Release|Any CPU.Build.0 = Release|Any CPU
	EndGlobalSection
	GlobalSection(SolutionProperties) = preSolution
		HideSolutionNode = FALSE
	EndGlobalSection
	GlobalSection(NestedProjects) = preSolution
		{ED7FB647-DEAD-4404-BB2A-EB479E0EFA03} = {CF9F232C-2441-494C-B5B0-E71400629730}
		{1C6DB32F-707D-47E2-A498-4FE3565AFC37} = {CF9F232C-2441-494C-B5B0-E71400629730}
		{FAD46B57-4758-4C75-8D00-BAAB43035C82} = {61FF7EC3-2449-4589-BC0B-7A2E8349F3EB}
		{077518B8-FB58-4267-8BAD-D18AD9D434E3} = {FAD46B57-4758-4C75-8D00-BAAB43035C82}
		{23453827-B73D-4D85-9175-176AE82F391B} = {FAD46B57-4758-4C75-8D00-BAAB43035C82}
		{39EB5154-9FFD-451B-B2E8-E8DCE20CA9E2} = {8B93DCF6-465A-48AC-B82A-ECC4CF99400E}
		{9C9E6228-7CE2-402E-8034-5D3A677D3621} = {61FF7EC3-2449-4589-BC0B-7A2E8349F3EB}
	EndGlobalSection
	GlobalSection(ExtensibilityGlobals) = postSolution
		SolutionGuid = {9DA52DDC-7CD5-4CA9-A3E9-FA468904E909}
	EndGlobalSection
EndGlobal
